
Microsoft Visual Studio Solution File, Format Version 12.00
# Visual Studio Version 16
VisualStudioVersion = 16.0.31605.320
MinimumVisualStudioVersion = 10.0.40219.1
Project("{FAE04EC0-301F-11D3-BF4B-00C04F79EFBC}") = "KPI.UI.Tests", "KPI.UI.Tests\KPI.UI.Tests.csproj", "{4911A410-AED9-4D69-BD29-582757879330}"
EndProject
Global
	GlobalSection(SolutionConfigurationPlatforms) = preSolution
		Debug|Any CPU = Debug|Any CPU
		Release|Any CPU = Release|Any CPU
	EndGlobalSection
	GlobalSection(ProjectConfigurationPlatforms) = postSolution
		{4911A410-AED9-4D69-BD29-582757879330}.Debug|Any CPU.ActiveCfg = Debug|Any CPU
		{4911A410-AED9-4D69-BD29-582757879330}.Debug|Any CPU.Build.0 = Debug|Any CPU
		{4911A410-AED9-4D69-BD29-582757879330}.Release|Any CPU.ActiveCfg = Release|Any CPU
		{4911A410-AED9-4D69-BD29-582757879330}.Release|Any CPU.Build.0 = Release|Any CPU
	EndGlobalSection
	GlobalSection(SolutionProperties) = preSolution
		HideSolutionNode = FALSE
	EndGlobalSection
	GlobalSection(ExtensibilityGlobals) = postSolution
		SolutionGuid = {67EA2954-E7AE-4772-80CB-8751D0B5C357}
	EndGlobalSection
EndGlobal
